
Microsoft Visual Studio Solution File, Format Version 12.00
# Visual Studio Version 16
VisualStudioVersion = 16.0.29613.14
MinimumVisualStudioVersion = 10.0.40219.1
Project("{FAE04EC0-301F-11D3-BF4B-00C04F79EFBC}") = "Desktop Cleaner", "Desktop Cleaner\Desktop Cleaner.csproj", "{27660AD8-3535-4AD0-96E8-FBA2B41AD349}"
EndProject
Global
	GlobalSection(SolutionConfigurationPlatforms) = preSolution
		Debug|Any CPU = Debug|Any CPU
		Release|Any CPU = Release|Any CPU
	EndGlobalSection
	GlobalSection(ProjectConfigurationPlatforms) = postSolution
		{27660AD8-3535-4AD0-96E8-FBA2B41AD349}.Debug|Any CPU.ActiveCfg = Debug|Any CPU
		{27660AD8-3535-4AD0-96E8-FBA2B41AD349}.Debug|Any CPU.Build.0 = Debug|Any CPU
		{27660AD8-3535-4AD0-96E8-FBA2B41AD349}.Release|Any CPU.ActiveCfg = Release|Any CPU
		{27660AD8-3535-4AD0-96E8-FBA2B41AD349}.Release|Any CPU.Build.0 = Release|Any CPU
	EndGlobalSection
	GlobalSection(SolutionProperties) = preSolution
		HideSolutionNode = FALSE
	EndGlobalSection
	GlobalSection(ExtensibilityGlobals) = postSolution
		SolutionGuid = {C14C9578-372D-471F-B9BF-3C10F2B1FC64}
	EndGlobalSection
EndGlobal
